// !$*UTF8*$!
{
	archiveVersion = 1;
	classes = {
	};
	objectVersion = 46;
	objects = {

/* Begin PBXBuildFile section */
		C899CC441AA8BBB400AC57F6 /* AppDelegate.swift in Sources */ = {isa = PBXBuildFile; fileRef = C899CC431AA8BBB400AC57F6 /* AppDelegate.swift */; };
		C899CC461AA8BBB400AC57F6 /* ViewController.swift in Sources */ = {isa = PBXBuildFile; fileRef = C899CC451AA8BBB400AC57F6 /* ViewController.swift */; };
		C899CC491AA8BBB400AC57F6 /* Main.storyboard in Resources */ = {isa = PBXBuildFile; fileRef = C899CC471AA8BBB400AC57F6 /* Main.storyboard */; };
		C899CC4B1AA8BBB400AC57F6 /* Images.xcassets in Resources */ = {isa = PBXBuildFile; fileRef = C899CC4A1AA8BBB400AC57F6 /* Images.xcassets */; };
		C899CC4E1AA8BBB400AC57F6 /* LaunchScreen.xib in Resources */ = {isa = PBXBuildFile; fileRef = C899CC4C1AA8BBB400AC57F6 /* LaunchScreen.xib */; };
		C899CC5A1AA8BBB400AC57F6 /* Shade_ButtonTests.swift in Sources */ = {isa = PBXBuildFile; fileRef = C899CC591AA8BBB400AC57F6 /* Shade_ButtonTests.swift */; };
		C899CC641AA8BE2D00AC57F6 /* shade.mp3 in Resources */ = {isa = PBXBuildFile; fileRef = C899CC631AA8BE2D00AC57F6 /* shade.mp3 */; };
/* End PBXBuildFile section */

/* Begin PBXContainerItemProxy section */
		C899CC541AA8BBB400AC57F6 /* PBXContainerItemProxy */ = {
			isa = PBXContainerItemProxy;
			containerPortal = C899CC361AA8BBB300AC57F6 /* Project object */;
			proxyType = 1;
			remoteGlobalIDString = C899CC3D1AA8BBB400AC57F6;
			remoteInfo = "Shade Button";
		};
/* End PBXContainerItemProxy section */

/* Begin PBXFileReference section */
		C899CC3E1AA8BBB400AC57F6 /* Shade Button.app */ = {isa = PBXFileReference; explicitFileType = wrapper.application; includeInIndex = 0; path = "Shade Button.app"; sourceTree = BUILT_PRODUCTS_DIR; };
		C899CC421AA8BBB400AC57F6 /* Info.plist */ = {isa = PBXFileReference; lastKnownFileType = text.plist.xml; path = Info.plist; sourceTree = "<group>"; };
		C899CC431AA8BBB400AC57F6 /* AppDelegate.swift */ = {isa = PBXFileReference; lastKnownFileType = sourcecode.swift; path = AppDelegate.swift; sourceTree = "<group>"; };
		C899CC451AA8BBB400AC57F6 /* ViewController.swift */ = {isa = PBXFileReference; lastKnownFileType = sourcecode.swift; path = ViewController.swift; sourceTree = "<group>"; };
		C899CC481AA8BBB400AC57F6 /* Base */ = {isa = PBXFileReference; lastKnownFileType = file.storyboard; name = Base; path = Base.lproj/Main.storyboard; sourceTree = "<group>"; };
		C899CC4A1AA8BBB400AC57F6 /* Images.xcassets */ = {isa = PBXFileReference; lastKnownFileType = folder.assetcatalog; path = Images.xcassets; sourceTree = "<group>"; };
		C899CC4D1AA8BBB400AC57F6 /* Base */ = {isa = PBXFileReference; lastKnownFileType = file.xib; name = Base; path = Base.lproj/LaunchScreen.xib; sourceTree = "<group>"; };
		C899CC531AA8BBB400AC57F6 /* Shade ButtonTests.xctest */ = {isa = PBXFileReference; explicitFileType = wrapper.cfbundle; includeInIndex = 0; path = "Shade ButtonTests.xctest"; sourceTree = BUILT_PRODUCTS_DIR; };
		C899CC581AA8BBB400AC57F6 /* Info.plist */ = {isa = PBXFileReference; lastKnownFileType = text.plist.xml; path = Info.plist; sourceTree = "<group>"; };
		C899CC591AA8BBB400AC57F6 /* Shade_ButtonTests.swift */ = {isa = PBXFileReference; lastKnownFileType = sourcecode.swift; path = Shade_ButtonTests.swift; sourceTree = "<group>"; };
		C899CC631AA8BE2D00AC57F6 /* shade.mp3 */ = {isa = PBXFileReference; lastKnownFileType = audio.mp3; name = shade.mp3; path = ../../../Downloads/shade.mp3; sourceTree = "<group>"; };
/* End PBXFileReference section */

/* Begin PBXFrameworksBuildPhase section */
		C899CC3B1AA8BBB400AC57F6 /* Frameworks */ = {
			isa = PBXFrameworksBuildPhase;
			buildActionMask = 2147483647;
			files = (
			);
			runOnlyForDeploymentPostprocessing = 0;
		};
		C899CC501AA8BBB400AC57F6 /* Frameworks */ = {
			isa = PBXFrameworksBuildPhase;
			buildActionMask = 2147483647;
			files = (
			);
			runOnlyForDeploymentPostprocessing = 0;
		};
/* End PBXFrameworksBuildPhase section */

/* Begin PBXGroup section */
		C899CC351AA8BBB300AC57F6 = {
			isa = PBXGroup;
			children = (
				C899CC401AA8BBB400AC57F6 /* Shade Button */,
				C899CC561AA8BBB400AC57F6 /* Shade ButtonTests */,
				C899CC3F1AA8BBB400AC57F6 /* Products */,
			);
			sourceTree = "<group>";
		};
		C899CC3F1AA8BBB400AC57F6 /* Products */ = {
			isa = PBXGroup;
			children = (
				C899CC3E1AA8BBB400AC57F6 /* Shade Button.app */,
				C899CC531AA8BBB400AC57F6 /* Shade ButtonTests.xctest */,
			);
			name = Products;
			sourceTree = "<group>";
		};
		C899CC401AA8BBB400AC57F6 /* Shade Button */ = {
			isa = PBXGroup;
			children = (
				C899CC431AA8BBB400AC57F6 /* AppDelegate.swift */,
				C899CC451AA8BBB400AC57F6 /* ViewController.swift */,
				C899CC631AA8BE2D00AC57F6 /* shade.mp3 */,
				C899CC471AA8BBB400AC57F6 /* Main.storyboard */,
				C899CC4A1AA8BBB400AC57F6 /* Images.xcassets */,
				C899CC4C1AA8BBB400AC57F6 /* LaunchScreen.xib */,
				C899CC411AA8BBB400AC57F6 /* Supporting Files */,
			);
			path = "Shade Button";
			sourceTree = "<group>";
		};
		C899CC411AA8BBB400AC57F6 /* Supporting Files */ = {
			isa = PBXGroup;
			children = (
				C899CC421AA8BBB400AC57F6 /* Info.plist */,
			);
			name = "Supporting Files";
			sourceTree = "<group>";
		};
		C899CC561AA8BBB400AC57F6 /* Shade ButtonTests */ = {
			isa = PBXGroup;
			children = (
				C899CC591AA8BBB400AC57F6 /* Shade_ButtonTests.swift */,
				C899CC571AA8BBB400AC57F6 /* Supporting Files */,
			);
			path = "Shade ButtonTests";
			sourceTree = "<group>";
		};
		C899CC571AA8BBB400AC57F6 /* Supporting Files */ = {
			isa = PBXGroup;
			children = (
				C899CC581AA8BBB400AC57F6 /* Info.plist */,
			);
			name = "Supporting Files";
			sourceTree = "<group>";
		};
/* End PBXGroup section */

/* Begin PBXNativeTarget section */
		C899CC3D1AA8BBB400AC57F6 /* Shade Button */ = {
			isa = PBXNativeTarget;
			buildConfigurationList = C899CC5D1AA8BBB400AC57F6 /* Build configuration list for PBXNativeTarget "Shade Button" */;
			buildPhases = (
				C899CC3A1AA8BBB400AC57F6 /* Sources */,
				C899CC3B1AA8BBB400AC57F6 /* Frameworks */,
				C899CC3C1AA8BBB400AC57F6 /* Resources */,
			);
			buildRules = (
			);
			dependencies = (
			);
			name = "Shade Button";
			productName = "Shade Button";
			productReference = C899CC3E1AA8BBB400AC57F6 /* Shade Button.app */;
			productType = "com.apple.product-type.application";
		};
		C899CC521AA8BBB400AC57F6 /* Shade ButtonTests */ = {
			isa = PBXNativeTarget;
			buildConfigurationList = C899CC601AA8BBB400AC57F6 /* Build configuration list for PBXNativeTarget "Shade ButtonTests" */;
			buildPhases = (
				C899CC4F1AA8BBB400AC57F6 /* Sources */,
				C899CC501AA8BBB400AC57F6 /* Frameworks */,
				C899CC511AA8BBB400AC57F6 /* Resources */,
			);
			buildRules = (
			);
			dependencies = (
				C899CC551AA8BBB400AC57F6 /* PBXTargetDependency */,
			);
			name = "Shade ButtonTests";
			productName = "Shade ButtonTests";
			productReference = C899CC531AA8BBB400AC57F6 /* Shade ButtonTests.xctest */;
			productType = "com.apple.product-type.bundle.unit-test";
		};
/* End PBXNativeTarget section */

/* Begin PBXProject section */
		C899CC361AA8BBB300AC57F6 /* Project object */ = {
			isa = PBXProject;
			attributes = {
				LastUpgradeCheck = 0610;
				ORGANIZATIONNAME = "Jacob Wittenauer";
				TargetAttributes = {
					C899CC3D1AA8BBB400AC57F6 = {
						CreatedOnToolsVersion = 6.1.1;
						DevelopmentTeam = SMR4NAHB89;
					};
					C899CC521AA8BBB400AC57F6 = {
						CreatedOnToolsVersion = 6.1.1;
						TestTargetID = C899CC3D1AA8BBB400AC57F6;
					};
				};
			};
			buildConfigurationList = C899CC391AA8BBB400AC57F6 /* Build configuration list for PBXProject "Shade Button" */;
			compatibilityVersion = "Xcode 3.2";
			developmentRegion = English;
			hasScannedForEncodings = 0;
			knownRegions = (
				en,
				Base,
			);
			mainGroup = C899CC351AA8BBB300AC57F6;
			productRefGroup = C899CC3F1AA8BBB400AC57F6 /* Products */;
			projectDirPath = "";
			projectRoot = "";
			targets = (
				C899CC3D1AA8BBB400AC57F6 /* Shade Button */,
				C899CC521AA8BBB400AC57F6 /* Shade ButtonTests */,
			);
		};
/* End PBXProject section */

/* Begin PBXResourcesBuildPhase section */
		C899CC3C1AA8BBB400AC57F6 /* Resources */ = {
			isa = PBXResourcesBuildPhase;
			buildActionMask = 2147483647;
			files = (
				C899CC641AA8BE2D00AC57F6 /* shade.mp3 in Resources */,
				C899CC491AA8BBB400AC57F6 /* Main.storyboard in Resources */,
				C899CC4E1AA8BBB400AC57F6 /* LaunchScreen.xib in Resources */,
				C899CC4B1AA8BBB400AC57F6 /* Images.xcassets in Resources */,
			);
			runOnlyForDeploymentPostprocessing = 0;
		};
		C899CC511AA8BBB400AC57F6 /* Resources */ = {
			isa = PBXResourcesBuildPhase;
			buildActionMask = 2147483647;
			files = (
			);
			runOnlyForDeploymentPostprocessing = 0;
		};
/* End PBXResourcesBuildPhase section */

/* Begin PBXSourcesBuildPhase section */
		C899CC3A1AA8BBB400AC57F6 /* Sources */ = {
			isa = PBXSourcesBuildPhase;
			buildActionMask = 2147483647;
			files = (
				C899CC461AA8BBB400AC57F6 /* ViewController.swift in Sources */,
				C899CC441AA8BBB400AC57F6 /* AppDelegate.swift in Sources */,
			);
			runOnlyForDeploymentPostprocessing = 0;
		};
		C899CC4F1AA8BBB400AC57F6 /* Sources */ = {
			isa = PBXSourcesBuildPhase;
			buildActionMask = 2147483647;
			files = (
				C899CC5A1AA8BBB400AC57F6 /* Shade_ButtonTests.swift in Sources */,
			);
			runOnlyForDeploymentPostprocessing = 0;
		};
/* End PBXSourcesBuildPhase section */

/* Begin PBXTargetDependency section */
		C899CC551AA8BBB400AC57F6 /* PBXTargetDependency */ = {
			isa = PBXTargetDependency;
			target = C899CC3D1AA8BBB400AC57F6 /* Shade Button */;
			targetProxy = C899CC541AA8BBB400AC57F6 /* PBXContainerItemProxy */;
		};
/* End PBXTargetDependency section */

/* Begin PBXVariantGroup section */
		C899CC471AA8BBB400AC57F6 /* Main.storyboard */ = {
			isa = PBXVariantGroup;
			children = (
				C899CC481AA8BBB400AC57F6 /* Base */,
			);
			name = Main.storyboard;
			sourceTree = "<group>";
		};
		C899CC4C1AA8BBB400AC57F6 /* LaunchScreen.xib */ = {
			isa = PBXVariantGroup;
			children = (
				C899CC4D1AA8BBB400AC57F6 /* Base */,
			);
			name = LaunchScreen.xib;
			sourceTree = "<group>";
		};
/* End PBXVariantGroup section */

/* Begin XCBuildConfiguration section */
		C899CC5B1AA8BBB400AC57F6 /* Debug */ = {
			isa = XCBuildConfiguration;
			buildSettings = {
				ALWAYS_SEARCH_USER_PATHS = NO;
				CLANG_CXX_LANGUAGE_STANDARD = "gnu++0x";
				CLANG_CXX_LIBRARY = "libc++";
				CLANG_ENABLE_MODULES = YES;
				CLANG_ENABLE_OBJC_ARC = YES;
				CLANG_WARN_BOOL_CONVERSION = YES;
				CLANG_WARN_CONSTANT_CONVERSION = YES;
				CLANG_WARN_DIRECT_OBJC_ISA_USAGE = YES_ERROR;
				CLANG_WARN_EMPTY_BODY = YES;
				CLANG_WARN_ENUM_CONVERSION = YES;
				CLANG_WARN_INT_CONVERSION = YES;
				CLANG_WARN_OBJC_ROOT_CLASS = YES_ERROR;
				CLANG_WARN_UNREACHABLE_CODE = YES;
				CLANG_WARN__DUPLICATE_METHOD_MATCH = YES;
				"CODE_SIGN_IDENTITY[sdk=iphoneos*]" = "iPhone Developer";
				COPY_PHASE_STRIP = NO;
				ENABLE_STRICT_OBJC_MSGSEND = YES;
				GCC_C_LANGUAGE_STANDARD = gnu99;
				GCC_DYNAMIC_NO_PIC = NO;
				GCC_OPTIMIZATION_LEVEL = 0;
				GCC_PREPROCESSOR_DEFINITIONS = (
					"DEBUG=1",
					"$(inherited)",
				);
				GCC_SYMBOLS_PRIVATE_EXTERN = NO;
				GCC_WARN_64_TO_32_BIT_CONVERSION = YES;
				GCC_WARN_ABOUT_RETURN_TYPE = YES_ERROR;
				GCC_WARN_UNDECLARED_SELECTOR = YES;
				GCC_WARN_UNINITIALIZED_AUTOS = YES_AGGRESSIVE;
				GCC_WARN_UNUSED_FUNCTION = YES;
				GCC_WARN_UNUSED_VARIABLE = YES;
				IPHONEOS_DEPLOYMENT_TARGET = 8.1;
				MTL_ENABLE_DEBUG_INFO = YES;
				ONLY_ACTIVE_ARCH = YES;
				SDKROOT = iphoneos;
				SWIFT_OPTIMIZATION_LEVEL = "-Onone";
				TARGETED_DEVICE_FAMILY = "1,2";
			};
			name = Debug;
		};
		C899CC5C1AA8BBB400AC57F6 /* Release */ = {
			isa = XCBuildConfiguration;
			buildSettings = {
				ALWAYS_SEARCH_USER_PATHS = NO;
				CLANG_CXX_LANGUAGE_STANDARD = "gnu++0x";
				CLANG_CXX_LIBRARY = "libc++";
				CLANG_ENABLE_MODULES = YES;
				CLANG_ENABLE_OBJC_ARC = YES;
				CLANG_WARN_BOOL_CONVERSION = YES;
				CLANG_WARN_CONSTANT_CONVERSION = YES;
				CLANG_WARN_DIRECT_OBJC_ISA_USAGE = YES_ERROR;
				CLANG_WARN_EMPTY_BODY = YES;
				CLANG_WARN_ENUM_CONVERSION = YES;
				CLANG_WARN_INT_CONVERSION = YES;
				CLANG_WARN_OBJC_ROOT_CLASS = YES_ERROR;
				CLANG_WARN_UNREACHABLE_CODE = YES;
				CLANG_WARN__DUPLICATE_METHOD_MATCH = YES;
				"CODE_SIGN_IDENTITY[sdk=iphoneos*]" = "iPhone Developer";
				COPY_PHASE_STRIP = YES;
				ENABLE_NS_ASSERTIONS = NO;
				ENABLE_STRICT_OBJC_MSGSEND = YES;
				GCC_C_LANGUAGE_STANDARD = gnu99;
				GCC_WARN_64_TO_32_BIT_CONVERSION = YES;
				GCC_WARN_ABOUT_RETURN_TYPE = YES_ERROR;
				GCC_WARN_UNDECLARED_SELECTOR = YES;
				GCC_WARN_UNINITIALIZED_AUTOS = YES_AGGRESSIVE;
				GCC_WARN_UNUSED_FUNCTION = YES;
				GCC_WARN_UNUSED_VARIABLE = YES;
				IPHONEOS_DEPLOYMENT_TARGET = 8.1;
				MTL_ENABLE_DEBUG_INFO = NO;
				SDKROOT = iphoneos;
				TARGETED_DEVICE_FAMILY = "1,2";
				VALIDATE_PRODUCT = YES;
			};
			name = Release;
		};
		C899CC5E1AA8BBB400AC57F6 /* Debug */ = {
			isa = XCBuildConfiguration;
			buildSettings = {
				ASSETCATALOG_COMPILER_APPICON_NAME = AppIcon;
				ASSETCATALOG_COMPILER_LAUNCHIMAGE_NAME = LaunchImage;
				CODE_SIGN_IDENTITY = "iPhone Developer";
				INFOPLIST_FILE = "Shade Button/Info.plist";
				IPHONEOS_DEPLOYMENT_TARGET = 7.1;
				LD_RUNPATH_SEARCH_PATHS = "$(inherited) @executable_path/Frameworks";
				PRODUCT_NAME = "$(TARGET_NAME)";
			};
			name = Debug;
		};
		C899CC5F1AA8BBB400AC57F6 /* Release */ = {
			isa = XCBuildConfiguration;
			buildSettings = {
				ASSETCATALOG_COMPILER_APPICON_NAME = AppIcon;
				ASSETCATALOG_COMPILER_LAUNCHIMAGE_NAME = LaunchImage;
				CODE_SIGN_IDENTITY = "iPhone Developer";
				INFOPLIST_FILE = "Shade Button/Info.plist";
				IPHONEOS_DEPLOYMENT_TARGET = 7.1;
				LD_RUNPATH_SEARCH_PATHS = "$(inherited) @executable_path/Frameworks";
				PRODUCT_NAME = "$(TARGET_NAME)";
			};
			name = Release;
		};
		C899CC611AA8BBB400AC57F6 /* Debug */ = {
			isa = XCBuildConfiguration;
			buildSettings = {
				BUNDLE_LOADER = "$(TEST_HOST)";
				FRAMEWORK_SEARCH_PATHS = (
					"$(SDKROOT)/Developer/Library/Frameworks",
					"$(inherited)",
				);
				GCC_PREPROCESSOR_DEFINITIONS = (
					"DEBUG=1",
					"$(inherited)",
				);
				INFOPLIST_FILE = "Shade ButtonTests/Info.plist";
				LD_RUNPATH_SEARCH_PATHS = "$(inherited) @executable_path/Frameworks @loader_path/Frameworks";
				PRODUCT_NAME = "$(TARGET_NAME)";
				TEST_HOST = "$(BUILT_PRODUCTS_DIR)/Shade Button.app/Shade Button";
			};
			name = Debug;
		};
		C899CC621AA8BBB400AC57F6 /* Release */ = {
			isa = XCBuildConfiguration;
			buildSettings = {
				BUNDLE_LOADER = "$(TEST_HOST)";
				FRAMEWORK_SEARCH_PATHS = (
					"$(SDKROOT)/Developer/Library/Frameworks",
					"$(inherited)",
				);
				INFOPLIST_FILE = "Shade ButtonTests/Info.plist";
				LD_RUNPATH_SEARCH_PATHS = "$(inherited) @executable_path/Frameworks @loader_path/Frameworks";
				PRODUCT_NAME = "$(TARGET_NAME)";
				TEST_HOST = "$(BUILT_PRODUCTS_DIR)/Shade Button.app/Shade Button";
			};
			name = Release;
		};
/* End XCBuildConfiguration section */

/* Begin XCConfigurationList section */
		C899CC391AA8BBB400AC57F6 /* Build configuration list for PBXProject "Shade Button" */ = {
			isa = XCConfigurationList;
			buildConfigurations = (
				C899CC5B1AA8BBB400AC57F6 /* Debug */,
				C899CC5C1AA8BBB400AC57F6 /* Release */,
			);
			defaultConfigurationIsVisible = 0;
			defaultConfigurationName = Release;
		};
		C899CC5D1AA8BBB400AC57F6 /* Build configuration list for PBXNativeTarget "Shade Button" */ = {
			isa = XCConfigurationList;
			buildConfigurations = (
				C899CC5E1AA8BBB400AC57F6 /* Debug */,
				C899CC5F1AA8BBB400AC57F6 /* Release */,
			);
			defaultConfigurationIsVisible = 0;
			defaultConfigurationName = Release;
		};
		C899CC601AA8BBB400AC57F6 /* Build configuration list for PBXNativeTarget "Shade ButtonTests" */ = {
			isa = XCConfigurationList;
			buildConfigurations = (
				C899CC611AA8BBB400AC57F6 /* Debug */,
				C899CC621AA8BBB400AC57F6 /* Release */,
			);
			defaultConfigurationIsVisible = 0;
			defaultConfigurationName = Release;
		};
/* End XCConfigurationList section */
	};
	rootObject = C899CC361AA8BBB300AC57F6 /* Project object */;
}
